// !$*UTF8*$!
{
	archiveVersion = 1;
	classes = {
	};
	objectVersion = 56;
	objects = {

/* Begin PBXBuildFile section */
		033FD5612C67C96700705C97 /* Sahayak.docc in Sources */ = {isa = PBXBuildFile; fileRef = 033FD5602C67C96700705C97 /* Sahayak.docc */; };
		033FD5672C67C96800705C97 /* Sahayak.framework in Frameworks */ = {isa = PBXBuildFile; fileRef = 033FD55C2C67C96700705C97 /* Sahayak.framework */; };
		033FD56C2C67C96800705C97 /* SahayakTests.swift in Sources */ = {isa = PBXBuildFile; fileRef = 033FD56B2C67C96800705C97 /* SahayakTests.swift */; };
		033FD56D2C67C96800705C97 /* Sahayak.h in Headers */ = {isa = PBXBuildFile; fileRef = 033FD55F2C67C96700705C97 /* Sahayak.h */; settings = {ATTRIBUTES = (Public, ); }; };
		033FD57A2C68BC9B00705C97 /* String.swift in Sources */ = {isa = PBXBuildFile; fileRef = 033FD5792C68BC9B00705C97 /* String.swift */; };
		033FD57C2C68BDA300705C97 /* Binding.swift in Sources */ = {isa = PBXBuildFile; fileRef = 033FD57B2C68BDA300705C97 /* Binding.swift */; };
		033FD57E2C68BE2F00705C97 /* Navigator.swift in Sources */ = {isa = PBXBuildFile; fileRef = 033FD57D2C68BE2F00705C97 /* Navigator.swift */; };
		033FD5812C68BEFC00705C97 /* Logger.swift in Sources */ = {isa = PBXBuildFile; fileRef = 033FD5802C68BEFC00705C97 /* Logger.swift */; };
		033FD5842C68C10F00705C97 /* MaterialTextField.swift in Sources */ = {isa = PBXBuildFile; fileRef = 033FD5832C68C10F00705C97 /* MaterialTextField.swift */; };
		033FD5862C68C14200705C97 /* MaterialTextFieldUtils.swift in Sources */ = {isa = PBXBuildFile; fileRef = 033FD5852C68C14200705C97 /* MaterialTextFieldUtils.swift */; };
		033FD5882C68C1CB00705C97 /* Shapes.swift in Sources */ = {isa = PBXBuildFile; fileRef = 033FD5872C68C1CB00705C97 /* Shapes.swift */; };
		033FD58A2C68C2C300705C97 /* TextFieldInput.swift in Sources */ = {isa = PBXBuildFile; fileRef = 033FD5892C68C2C300705C97 /* TextFieldInput.swift */; };
		033FD58F2C68CBFC00705C97 /* JSON.swift in Sources */ = {isa = PBXBuildFile; fileRef = 033FD58E2C68CBFC00705C97 /* JSON.swift */; };
		033FD5942C68CC9400705C97 /* ApiError.swift in Sources */ = {isa = PBXBuildFile; fileRef = 033FD5902C68CC9400705C97 /* ApiError.swift */; };
		033FD5952C68CC9400705C97 /* ApiRequest.swift in Sources */ = {isa = PBXBuildFile; fileRef = 033FD5912C68CC9400705C97 /* ApiRequest.swift */; };
		033FD5962C68CC9400705C97 /* HTTPMethods.swift in Sources */ = {isa = PBXBuildFile; fileRef = 033FD5922C68CC9400705C97 /* HTTPMethods.swift */; };
		033FD5972C68CC9400705C97 /* NetworkService.swift in Sources */ = {isa = PBXBuildFile; fileRef = 033FD5932C68CC9400705C97 /* NetworkService.swift */; };
		033FD5992C68D0DC00705C97 /* HTTPStatusCodes.swift in Sources */ = {isa = PBXBuildFile; fileRef = 033FD5982C68D0DC00705C97 /* HTTPStatusCodes.swift */; };
/* End PBXBuildFile section */

/* Begin PBXContainerItemProxy section */
		033FD5682C67C96800705C97 /* PBXContainerItemProxy */ = {
			isa = PBXContainerItemProxy;
			containerPortal = 033FD5532C67C96700705C97 /* Project object */;
			proxyType = 1;
			remoteGlobalIDString = 033FD55B2C67C96700705C97;
			remoteInfo = Sahayak;
		};
/* End PBXContainerItemProxy section */

/* Begin PBXFileReference section */
		033FD55C2C67C96700705C97 /* Sahayak.framework */ = {isa = PBXFileReference; explicitFileType = wrapper.framework; includeInIndex = 0; path = Sahayak.framework; sourceTree = BUILT_PRODUCTS_DIR; };
		033FD55F2C67C96700705C97 /* Sahayak.h */ = {isa = PBXFileReference; lastKnownFileType = sourcecode.c.h; path = Sahayak.h; sourceTree = "<group>"; };
		033FD5602C67C96700705C97 /* Sahayak.docc */ = {isa = PBXFileReference; lastKnownFileType = folder.documentationcatalog; path = Sahayak.docc; sourceTree = "<group>"; };
		033FD5662C67C96800705C97 /* SahayakTests.xctest */ = {isa = PBXFileReference; explicitFileType = wrapper.cfbundle; includeInIndex = 0; path = SahayakTests.xctest; sourceTree = BUILT_PRODUCTS_DIR; };
		033FD56B2C67C96800705C97 /* SahayakTests.swift */ = {isa = PBXFileReference; lastKnownFileType = sourcecode.swift; path = SahayakTests.swift; sourceTree = "<group>"; };
		033FD5792C68BC9B00705C97 /* String.swift */ = {isa = PBXFileReference; lastKnownFileType = sourcecode.swift; path = String.swift; sourceTree = "<group>"; };
		033FD57B2C68BDA300705C97 /* Binding.swift */ = {isa = PBXFileReference; lastKnownFileType = sourcecode.swift; path = Binding.swift; sourceTree = "<group>"; };
		033FD57D2C68BE2F00705C97 /* Navigator.swift */ = {isa = PBXFileReference; lastKnownFileType = sourcecode.swift; path = Navigator.swift; sourceTree = "<group>"; };
		033FD5802C68BEFC00705C97 /* Logger.swift */ = {isa = PBXFileReference; lastKnownFileType = sourcecode.swift; path = Logger.swift; sourceTree = "<group>"; };
		033FD5832C68C10F00705C97 /* MaterialTextField.swift */ = {isa = PBXFileReference; lastKnownFileType = sourcecode.swift; path = MaterialTextField.swift; sourceTree = "<group>"; };
		033FD5852C68C14200705C97 /* MaterialTextFieldUtils.swift */ = {isa = PBXFileReference; lastKnownFileType = sourcecode.swift; path = MaterialTextFieldUtils.swift; sourceTree = "<group>"; };
		033FD5872C68C1CB00705C97 /* Shapes.swift */ = {isa = PBXFileReference; lastKnownFileType = sourcecode.swift; path = Shapes.swift; sourceTree = "<group>"; };
		033FD5892C68C2C300705C97 /* TextFieldInput.swift */ = {isa = PBXFileReference; lastKnownFileType = sourcecode.swift; path = TextFieldInput.swift; sourceTree = "<group>"; };
		033FD58E2C68CBFC00705C97 /* JSON.swift */ = {isa = PBXFileReference; lastKnownFileType = sourcecode.swift; path = JSON.swift; sourceTree = "<group>"; };
		033FD5902C68CC9400705C97 /* ApiError.swift */ = {isa = PBXFileReference; fileEncoding = 4; lastKnownFileType = sourcecode.swift; path = ApiError.swift; sourceTree = "<group>"; };
		033FD5912C68CC9400705C97 /* ApiRequest.swift */ = {isa = PBXFileReference; fileEncoding = 4; lastKnownFileType = sourcecode.swift; path = ApiRequest.swift; sourceTree = "<group>"; };
		033FD5922C68CC9400705C97 /* HTTPMethods.swift */ = {isa = PBXFileReference; fileEncoding = 4; lastKnownFileType = sourcecode.swift; path = HTTPMethods.swift; sourceTree = "<group>"; };
		033FD5932C68CC9400705C97 /* NetworkService.swift */ = {isa = PBXFileReference; fileEncoding = 4; lastKnownFileType = sourcecode.swift; path = NetworkService.swift; sourceTree = "<group>"; };
		033FD5982C68D0DC00705C97 /* HTTPStatusCodes.swift */ = {isa = PBXFileReference; lastKnownFileType = sourcecode.swift; path = HTTPStatusCodes.swift; sourceTree = "<group>"; };
/* End PBXFileReference section */

/* Begin PBXFrameworksBuildPhase section */
		033FD5592C67C96700705C97 /* Frameworks */ = {
			isa = PBXFrameworksBuildPhase;
			buildActionMask = 2147483647;
			files = (
			);
			runOnlyForDeploymentPostprocessing = 0;
		};
		033FD5632C67C96800705C97 /* Frameworks */ = {
			isa = PBXFrameworksBuildPhase;
			buildActionMask = 2147483647;
			files = (
				033FD5672C67C96800705C97 /* Sahayak.framework in Frameworks */,
			);
			runOnlyForDeploymentPostprocessing = 0;
		};
/* End PBXFrameworksBuildPhase section */

/* Begin PBXGroup section */
		033FD5522C67C96700705C97 = {
			isa = PBXGroup;
			children = (
				033FD55E2C67C96700705C97 /* Sahayak */,
				033FD56A2C67C96800705C97 /* SahayakTests */,
				033FD55D2C67C96700705C97 /* Products */,
				033FD58B2C68CAC400705C97 /* Frameworks */,
			);
			sourceTree = "<group>";
		};
		033FD55D2C67C96700705C97 /* Products */ = {
			isa = PBXGroup;
			children = (
				033FD55C2C67C96700705C97 /* Sahayak.framework */,
				033FD5662C67C96800705C97 /* SahayakTests.xctest */,
			);
			name = Products;
			sourceTree = "<group>";
		};
		033FD55E2C67C96700705C97 /* Sahayak */ = {
			isa = PBXGroup;
			children = (
				033FD5782C67C9BF00705C97 /* Extensions */,
				033FD5772C67C9B300705C97 /* Network */,
				033FD5762C67C9AC00705C97 /* UI */,
				033FD57F2C68BEE900705C97 /* Utils */,
				033FD55F2C67C96700705C97 /* Sahayak.h */,
				033FD5602C67C96700705C97 /* Sahayak.docc */,
			);
			path = Sahayak;
			sourceTree = "<group>";
		};
		033FD56A2C67C96800705C97 /* SahayakTests */ = {
			isa = PBXGroup;
			children = (
				033FD56B2C67C96800705C97 /* SahayakTests.swift */,
			);
			path = SahayakTests;
			sourceTree = "<group>";
		};
		033FD5762C67C9AC00705C97 /* UI */ = {
			isa = PBXGroup;
			children = (
				033FD5822C68C0FF00705C97 /* Textfield */,
				033FD57D2C68BE2F00705C97 /* Navigator.swift */,
				033FD5872C68C1CB00705C97 /* Shapes.swift */,
			);
			path = UI;
			sourceTree = "<group>";
		};
		033FD5772C67C9B300705C97 /* Network */ = {
			isa = PBXGroup;
			children = (
				033FD5902C68CC9400705C97 /* ApiError.swift */,
				033FD5912C68CC9400705C97 /* ApiRequest.swift */,
				033FD5922C68CC9400705C97 /* HTTPMethods.swift */,
				033FD5932C68CC9400705C97 /* NetworkService.swift */,
				033FD5982C68D0DC00705C97 /* HTTPStatusCodes.swift */,
			);
			path = Network;
			sourceTree = "<group>";
		};
		033FD5782C67C9BF00705C97 /* Extensions */ = {
			isa = PBXGroup;
			children = (
				033FD5792C68BC9B00705C97 /* String.swift */,
				033FD57B2C68BDA300705C97 /* Binding.swift */,
			);
			path = Extensions;
			sourceTree = "<group>";
		};
		033FD57F2C68BEE900705C97 /* Utils */ = {
			isa = PBXGroup;
			children = (
				033FD5802C68BEFC00705C97 /* Logger.swift */,
				033FD58E2C68CBFC00705C97 /* JSON.swift */,
			);
			path = Utils;
			sourceTree = "<group>";
		};
		033FD5822C68C0FF00705C97 /* Textfield */ = {
			isa = PBXGroup;
			children = (
				033FD5832C68C10F00705C97 /* MaterialTextField.swift */,
				033FD5852C68C14200705C97 /* MaterialTextFieldUtils.swift */,
				033FD5892C68C2C300705C97 /* TextFieldInput.swift */,
			);
			path = Textfield;
			sourceTree = "<group>";
		};
		033FD58B2C68CAC400705C97 /* Frameworks */ = {
			isa = PBXGroup;
			children = (
			);
			name = Frameworks;
			sourceTree = "<group>";
		};
/* End PBXGroup section */

/* Begin PBXHeadersBuildPhase section */
		033FD5572C67C96700705C97 /* Headers */ = {
			isa = PBXHeadersBuildPhase;
			buildActionMask = 2147483647;
			files = (
				033FD56D2C67C96800705C97 /* Sahayak.h in Headers */,
			);
			runOnlyForDeploymentPostprocessing = 0;
		};
/* End PBXHeadersBuildPhase section */

/* Begin PBXNativeTarget section */
		033FD55B2C67C96700705C97 /* Sahayak */ = {
			isa = PBXNativeTarget;
			buildConfigurationList = 033FD5702C67C96800705C97 /* Build configuration list for PBXNativeTarget "Sahayak" */;
			buildPhases = (
				033FD5572C67C96700705C97 /* Headers */,
				033FD5582C67C96700705C97 /* Sources */,
				033FD5592C67C96700705C97 /* Frameworks */,
				033FD55A2C67C96700705C97 /* Resources */,
			);
			buildRules = (
			);
			dependencies = (
			);
			name = Sahayak;
			productName = Sahayak;
			productReference = 033FD55C2C67C96700705C97 /* Sahayak.framework */;
			productType = "com.apple.product-type.framework";
		};
		033FD5652C67C96800705C97 /* SahayakTests */ = {
			isa = PBXNativeTarget;
			buildConfigurationList = 033FD5732C67C96800705C97 /* Build configuration list for PBXNativeTarget "SahayakTests" */;
			buildPhases = (
				033FD5622C67C96800705C97 /* Sources */,
				033FD5632C67C96800705C97 /* Frameworks */,
				033FD5642C67C96800705C97 /* Resources */,
			);
			buildRules = (
			);
			dependencies = (
				033FD5692C67C96800705C97 /* PBXTargetDependency */,
			);
			name = SahayakTests;
			productName = SahayakTests;
			productReference = 033FD5662C67C96800705C97 /* SahayakTests.xctest */;
			productType = "com.apple.product-type.bundle.unit-test";
		};
/* End PBXNativeTarget section */

/* Begin PBXProject section */
		033FD5532C67C96700705C97 /* Project object */ = {
			isa = PBXProject;
			attributes = {
				BuildIndependentTargetsInParallel = 1;
				LastSwiftUpdateCheck = 1540;
				LastUpgradeCheck = 1540;
				TargetAttributes = {
					033FD55B2C67C96700705C97 = {
						CreatedOnToolsVersion = 15.4;
					};
					033FD5652C67C96800705C97 = {
						CreatedOnToolsVersion = 15.4;
					};
				};
			};
			buildConfigurationList = 033FD5562C67C96700705C97 /* Build configuration list for PBXProject "Sahayak" */;
			compatibilityVersion = "Xcode 14.0";
			developmentRegion = en;
			hasScannedForEncodings = 0;
			knownRegions = (
				en,
				Base,
			);
			mainGroup = 033FD5522C67C96700705C97;
			productRefGroup = 033FD55D2C67C96700705C97 /* Products */;
			projectDirPath = "";
			projectRoot = "";
			targets = (
				033FD55B2C67C96700705C97 /* Sahayak */,
				033FD5652C67C96800705C97 /* SahayakTests */,
			);
		};
/* End PBXProject section */

/* Begin PBXResourcesBuildPhase section */
		033FD55A2C67C96700705C97 /* Resources */ = {
			isa = PBXResourcesBuildPhase;
			buildActionMask = 2147483647;
			files = (
			);
			runOnlyForDeploymentPostprocessing = 0;
		};
		033FD5642C67C96800705C97 /* Resources */ = {
			isa = PBXResourcesBuildPhase;
			buildActionMask = 2147483647;
			files = (
			);
			runOnlyForDeploymentPostprocessing = 0;
		};
/* End PBXResourcesBuildPhase section */

/* Begin PBXSourcesBuildPhase section */
		033FD5582C67C96700705C97 /* Sources */ = {
			isa = PBXSourcesBuildPhase;
			buildActionMask = 2147483647;
			files = (
				033FD5942C68CC9400705C97 /* ApiError.swift in Sources */,
				033FD5862C68C14200705C97 /* MaterialTextFieldUtils.swift in Sources */,
				033FD5952C68CC9400705C97 /* ApiRequest.swift in Sources */,
				033FD58F2C68CBFC00705C97 /* JSON.swift in Sources */,
				033FD5842C68C10F00705C97 /* MaterialTextField.swift in Sources */,
				033FD5812C68BEFC00705C97 /* Logger.swift in Sources */,
				033FD5972C68CC9400705C97 /* NetworkService.swift in Sources */,
				033FD5962C68CC9400705C97 /* HTTPMethods.swift in Sources */,
				033FD5882C68C1CB00705C97 /* Shapes.swift in Sources */,
				033FD57A2C68BC9B00705C97 /* String.swift in Sources */,
				033FD5992C68D0DC00705C97 /* HTTPStatusCodes.swift in Sources */,
				033FD58A2C68C2C300705C97 /* TextFieldInput.swift in Sources */,
				033FD57E2C68BE2F00705C97 /* Navigator.swift in Sources */,
				033FD57C2C68BDA300705C97 /* Binding.swift in Sources */,
				033FD5612C67C96700705C97 /* Sahayak.docc in Sources */,
			);
			runOnlyForDeploymentPostprocessing = 0;
		};
		033FD5622C67C96800705C97 /* Sources */ = {
			isa = PBXSourcesBuildPhase;
			buildActionMask = 2147483647;
			files = (
				033FD56C2C67C96800705C97 /* SahayakTests.swift in Sources */,
			);
			runOnlyForDeploymentPostprocessing = 0;
		};
/* End PBXSourcesBuildPhase section */

/* Begin PBXTargetDependency section */
		033FD5692C67C96800705C97 /* PBXTargetDependency */ = {
			isa = PBXTargetDependency;
			target = 033FD55B2C67C96700705C97 /* Sahayak */;
			targetProxy = 033FD5682C67C96800705C97 /* PBXContainerItemProxy */;
		};
/* End PBXTargetDependency section */

/* Begin XCBuildConfiguration section */
		033FD56E2C67C96800705C97 /* Debug */ = {
			isa = XCBuildConfiguration;
			buildSettings = {
				ALWAYS_SEARCH_USER_PATHS = NO;
				ASSETCATALOG_COMPILER_GENERATE_SWIFT_ASSET_SYMBOL_EXTENSIONS = YES;
				CLANG_ANALYZER_NONNULL = YES;
				CLANG_ANALYZER_NUMBER_OBJECT_CONVERSION = YES_AGGRESSIVE;
				CLANG_CXX_LANGUAGE_STANDARD = "gnu++20";
				CLANG_ENABLE_MODULES = YES;
				CLANG_ENABLE_OBJC_ARC = YES;
				CLANG_ENABLE_OBJC_WEAK = YES;
				CLANG_WARN_BLOCK_CAPTURE_AUTORELEASING = YES;
				CLANG_WARN_BOOL_CONVERSION = YES;
				CLANG_WARN_COMMA = YES;
				CLANG_WARN_CONSTANT_CONVERSION = YES;
				CLANG_WARN_DEPRECATED_OBJC_IMPLEMENTATIONS = YES;
				CLANG_WARN_DIRECT_OBJC_ISA_USAGE = YES_ERROR;
				CLANG_WARN_DOCUMENTATION_COMMENTS = YES;
				CLANG_WARN_EMPTY_BODY = YES;
				CLANG_WARN_ENUM_CONVERSION = YES;
				CLANG_WARN_INFINITE_RECURSION = YES;
				CLANG_WARN_INT_CONVERSION = YES;
				CLANG_WARN_NON_LITERAL_NULL_CONVERSION = YES;
				CLANG_WARN_OBJC_IMPLICIT_RETAIN_SELF = YES;
				CLANG_WARN_OBJC_LITERAL_CONVERSION = YES;
				CLANG_WARN_OBJC_ROOT_CLASS = YES_ERROR;
				CLANG_WARN_QUOTED_INCLUDE_IN_FRAMEWORK_HEADER = YES;
				CLANG_WARN_RANGE_LOOP_ANALYSIS = YES;
				CLANG_WARN_STRICT_PROTOTYPES = YES;
				CLANG_WARN_SUSPICIOUS_MOVE = YES;
				CLANG_WARN_UNGUARDED_AVAILABILITY = YES_AGGRESSIVE;
				CLANG_WARN_UNREACHABLE_CODE = YES;
				CLANG_WARN__DUPLICATE_METHOD_MATCH = YES;
				COPY_PHASE_STRIP = NO;
				CURRENT_PROJECT_VERSION = 1;
				DEBUG_INFORMATION_FORMAT = dwarf;
				ENABLE_STRICT_OBJC_MSGSEND = YES;
				ENABLE_TESTABILITY = YES;
				ENABLE_USER_SCRIPT_SANDBOXING = YES;
				GCC_C_LANGUAGE_STANDARD = gnu17;
				GCC_DYNAMIC_NO_PIC = NO;
				GCC_NO_COMMON_BLOCKS = YES;
				GCC_OPTIMIZATION_LEVEL = 0;
				GCC_PREPROCESSOR_DEFINITIONS = (
					"DEBUG=1",
					"$(inherited)",
				);
				GCC_WARN_64_TO_32_BIT_CONVERSION = YES;
				GCC_WARN_ABOUT_RETURN_TYPE = YES_ERROR;
				GCC_WARN_UNDECLARED_SELECTOR = YES;
				GCC_WARN_UNINITIALIZED_AUTOS = YES_AGGRESSIVE;
				GCC_WARN_UNUSED_FUNCTION = YES;
				GCC_WARN_UNUSED_VARIABLE = YES;
				IPHONEOS_DEPLOYMENT_TARGET = 17.5;
				LOCALIZATION_PREFERS_STRING_CATALOGS = YES;
				MTL_ENABLE_DEBUG_INFO = INCLUDE_SOURCE;
				MTL_FAST_MATH = YES;
				ONLY_ACTIVE_ARCH = YES;
				SDKROOT = iphoneos;
				SWIFT_ACTIVE_COMPILATION_CONDITIONS = "DEBUG $(inherited)";
				SWIFT_OPTIMIZATION_LEVEL = "-Onone";
				VERSIONING_SYSTEM = "apple-generic";
				VERSION_INFO_PREFIX = "";
			};
			name = Debug;
		};
		033FD56F2C67C96800705C97 /* Release */ = {
			isa = XCBuildConfiguration;
			buildSettings = {
				ALWAYS_SEARCH_USER_PATHS = NO;
				ASSETCATALOG_COMPILER_GENERATE_SWIFT_ASSET_SYMBOL_EXTENSIONS = YES;
				CLANG_ANALYZER_NONNULL = YES;
				CLANG_ANALYZER_NUMBER_OBJECT_CONVERSION = YES_AGGRESSIVE;
				CLANG_CXX_LANGUAGE_STANDARD = "gnu++20";
				CLANG_ENABLE_MODULES = YES;
				CLANG_ENABLE_OBJC_ARC = YES;
				CLANG_ENABLE_OBJC_WEAK = YES;
				CLANG_WARN_BLOCK_CAPTURE_AUTORELEASING = YES;
				CLANG_WARN_BOOL_CONVERSION = YES;
				CLANG_WARN_COMMA = YES;
				CLANG_WARN_CONSTANT_CONVERSION = YES;
				CLANG_WARN_DEPRECATED_OBJC_IMPLEMENTATIONS = YES;
				CLANG_WARN_DIRECT_OBJC_ISA_USAGE = YES_ERROR;
				CLANG_WARN_DOCUMENTATION_COMMENTS = YES;
				CLANG_WARN_EMPTY_BODY = YES;
				CLANG_WARN_ENUM_CONVERSION = YES;
				CLANG_WARN_INFINITE_RECURSION = YES;
				CLANG_WARN_INT_CONVERSION = YES;
				CLANG_WARN_NON_LITERAL_NULL_CONVERSION = YES;
				CLANG_WARN_OBJC_IMPLICIT_RETAIN_SELF = YES;
				CLANG_WARN_OBJC_LITERAL_CONVERSION = YES;
				CLANG_WARN_OBJC_ROOT_CLASS = YES_ERROR;
				CLANG_WARN_QUOTED_INCLUDE_IN_FRAMEWORK_HEADER = YES;
				CLANG_WARN_RANGE_LOOP_ANALYSIS = YES;
				CLANG_WARN_STRICT_PROTOTYPES = YES;
				CLANG_WARN_SUSPICIOUS_MOVE = YES;
				CLANG_WARN_UNGUARDED_AVAILABILITY = YES_AGGRESSIVE;
				CLANG_WARN_UNREACHABLE_CODE = YES;
				CLANG_WARN__DUPLICATE_METHOD_MATCH = YES;
				COPY_PHASE_STRIP = NO;
				CURRENT_PROJECT_VERSION = 1;
				DEBUG_INFORMATION_FORMAT = "dwarf-with-dsym";
				ENABLE_NS_ASSERTIONS = NO;
				ENABLE_STRICT_OBJC_MSGSEND = YES;
				ENABLE_USER_SCRIPT_SANDBOXING = YES;
				GCC_C_LANGUAGE_STANDARD = gnu17;
				GCC_NO_COMMON_BLOCKS = YES;
				GCC_WARN_64_TO_32_BIT_CONVERSION = YES;
				GCC_WARN_ABOUT_RETURN_TYPE = YES_ERROR;
				GCC_WARN_UNDECLARED_SELECTOR = YES;
				GCC_WARN_UNINITIALIZED_AUTOS = YES_AGGRESSIVE;
				GCC_WARN_UNUSED_FUNCTION = YES;
				GCC_WARN_UNUSED_VARIABLE = YES;
				IPHONEOS_DEPLOYMENT_TARGET = 17.5;
				LOCALIZATION_PREFERS_STRING_CATALOGS = YES;
				MTL_ENABLE_DEBUG_INFO = NO;
				MTL_FAST_MATH = YES;
				SDKROOT = iphoneos;
				SWIFT_COMPILATION_MODE = wholemodule;
				VALIDATE_PRODUCT = YES;
				VERSIONING_SYSTEM = "apple-generic";
				VERSION_INFO_PREFIX = "";
			};
			name = Release;
		};
		033FD5712C67C96800705C97 /* Debug */ = {
			isa = XCBuildConfiguration;
			buildSettings = {
				BUILD_LIBRARY_FOR_DISTRIBUTION = YES;
				CODE_SIGN_STYLE = Automatic;
				CURRENT_PROJECT_VERSION = 1;
				DEFINES_MODULE = YES;
				DEVELOPMENT_TEAM = B9W7594SR5;
				DYLIB_COMPATIBILITY_VERSION = 1;
				DYLIB_CURRENT_VERSION = 1;
				DYLIB_INSTALL_NAME_BASE = "@rpath";
				ENABLE_MODULE_VERIFIER = YES;
				GENERATE_INFOPLIST_FILE = YES;
				INFOPLIST_KEY_NSHumanReadableCopyright = "";
				INSTALL_PATH = "$(LOCAL_LIBRARY_DIR)/Frameworks";
				IPHONEOS_DEPLOYMENT_TARGET = 17.0;
				LD_RUNPATH_SEARCH_PATHS = (
					"$(inherited)",
					"@executable_path/Frameworks",
					"@loader_path/Frameworks",
				);
				MARKETING_VERSION = 1.0;
				MODULE_VERIFIER_SUPPORTED_LANGUAGES = "objective-c objective-c++";
				MODULE_VERIFIER_SUPPORTED_LANGUAGE_STANDARDS = "gnu17 gnu++20";
				PRODUCT_BUNDLE_IDENTIFIER = com.kamaldgrt.Sahayak;
				PRODUCT_NAME = "$(TARGET_NAME:c99extidentifier)";
				SKIP_INSTALL = YES;
				SUPPORTED_PLATFORMS = "iphoneos iphonesimulator";
				SUPPORTS_MACCATALYST = NO;
				SUPPORTS_MAC_DESIGNED_FOR_IPHONE_IPAD = NO;
				SUPPORTS_XR_DESIGNED_FOR_IPHONE_IPAD = NO;
				SWIFT_EMIT_LOC_STRINGS = YES;
				SWIFT_INSTALL_OBJC_HEADER = NO;
				SWIFT_VERSION = 5.0;
				TARGETED_DEVICE_FAMILY = 1;
			};
			name = Debug;
		};
		033FD5722C67C96800705C97 /* Release */ = {
			isa = XCBuildConfiguration;
			buildSettings = {
				BUILD_LIBRARY_FOR_DISTRIBUTION = YES;
				CODE_SIGN_STYLE = Automatic;
				CURRENT_PROJECT_VERSION = 1;
				DEFINES_MODULE = YES;
				DEVELOPMENT_TEAM = B9W7594SR5;
				DYLIB_COMPATIBILITY_VERSION = 1;
				DYLIB_CURRENT_VERSION = 1;
				DYLIB_INSTALL_NAME_BASE = "@rpath";
				ENABLE_MODULE_VERIFIER = YES;
				GENERATE_INFOPLIST_FILE = YES;
				INFOPLIST_KEY_NSHumanReadableCopyright = "";
				INSTALL_PATH = "$(LOCAL_LIBRARY_DIR)/Frameworks";
				IPHONEOS_DEPLOYMENT_TARGET = 17.0;
				LD_RUNPATH_SEARCH_PATHS = (
					"$(inherited)",
					"@executable_path/Frameworks",
					"@loader_path/Frameworks",
				);
				MARKETING_VERSION = 1.0;
				MODULE_VERIFIER_SUPPORTED_LANGUAGES = "objective-c objective-c++";
				MODULE_VERIFIER_SUPPORTED_LANGUAGE_STANDARDS = "gnu17 gnu++20";
				PRODUCT_BUNDLE_IDENTIFIER = com.kamaldgrt.Sahayak;
				PRODUCT_NAME = "$(TARGET_NAME:c99extidentifier)";
				SKIP_INSTALL = YES;
				SUPPORTED_PLATFORMS = "iphoneos iphonesimulator";
				SUPPORTS_MACCATALYST = NO;
				SUPPORTS_MAC_DESIGNED_FOR_IPHONE_IPAD = NO;
				SUPPORTS_XR_DESIGNED_FOR_IPHONE_IPAD = NO;
				SWIFT_EMIT_LOC_STRINGS = YES;
				SWIFT_INSTALL_OBJC_HEADER = NO;
				SWIFT_VERSION = 5.0;
				TARGETED_DEVICE_FAMILY = 1;
			};
			name = Release;
		};
		033FD5742C67C96800705C97 /* Debug */ = {
			isa = XCBuildConfiguration;
			buildSettings = {
				ALWAYS_EMBED_SWIFT_STANDARD_LIBRARIES = YES;
				CODE_SIGN_STYLE = Automatic;
				CURRENT_PROJECT_VERSION = 1;
				DEVELOPMENT_TEAM = B9W7594SR5;
				GENERATE_INFOPLIST_FILE = YES;
				MARKETING_VERSION = 1.0;
				PRODUCT_BUNDLE_IDENTIFIER = com.kamaldgrt.SahayakTests;
				PRODUCT_NAME = "$(TARGET_NAME)";
				SUPPORTED_PLATFORMS = "iphoneos iphonesimulator";
				SUPPORTS_MACCATALYST = NO;
				SUPPORTS_MAC_DESIGNED_FOR_IPHONE_IPAD = NO;
				SUPPORTS_XR_DESIGNED_FOR_IPHONE_IPAD = NO;
				SWIFT_EMIT_LOC_STRINGS = NO;
				SWIFT_VERSION = 5.0;
				TARGETED_DEVICE_FAMILY = 1;
			};
			name = Debug;
		};
		033FD5752C67C96800705C97 /* Release */ = {
			isa = XCBuildConfiguration;
			buildSettings = {
				ALWAYS_EMBED_SWIFT_STANDARD_LIBRARIES = YES;
				CODE_SIGN_STYLE = Automatic;
				CURRENT_PROJECT_VERSION = 1;
				DEVELOPMENT_TEAM = B9W7594SR5;
				GENERATE_INFOPLIST_FILE = YES;
				MARKETING_VERSION = 1.0;
				PRODUCT_BUNDLE_IDENTIFIER = com.kamaldgrt.SahayakTests;
				PRODUCT_NAME = "$(TARGET_NAME)";
				SUPPORTED_PLATFORMS = "iphoneos iphonesimulator";
				SUPPORTS_MACCATALYST = NO;
				SUPPORTS_MAC_DESIGNED_FOR_IPHONE_IPAD = NO;
				SUPPORTS_XR_DESIGNED_FOR_IPHONE_IPAD = NO;
				SWIFT_EMIT_LOC_STRINGS = NO;
				SWIFT_VERSION = 5.0;
				TARGETED_DEVICE_FAMILY = 1;
			};
			name = Release;
		};
/* End XCBuildConfiguration section */

/* Begin XCConfigurationList section */
		033FD5562C67C96700705C97 /* Build configuration list for PBXProject "Sahayak" */ = {
			isa = XCConfigurationList;
			buildConfigurations = (
				033FD56E2C67C96800705C97 /* Debug */,
				033FD56F2C67C96800705C97 /* Release */,
			);
			defaultConfigurationIsVisible = 0;
			defaultConfigurationName = Release;
		};
		033FD5702C67C96800705C97 /* Build configuration list for PBXNativeTarget "Sahayak" */ = {
			isa = XCConfigurationList;
			buildConfigurations = (
				033FD5712C67C96800705C97 /* Debug */,
				033FD5722C67C96800705C97 /* Release */,
			);
			defaultConfigurationIsVisible = 0;
			defaultConfigurationName = Release;
		};
		033FD5732C67C96800705C97 /* Build configuration list for PBXNativeTarget "SahayakTests" */ = {
			isa = XCConfigurationList;
			buildConfigurations = (
				033FD5742C67C96800705C97 /* Debug */,
				033FD5752C67C96800705C97 /* Release */,
			);
			defaultConfigurationIsVisible = 0;
			defaultConfigurationName = Release;
		};
/* End XCConfigurationList section */
	};
	rootObject = 033FD5532C67C96700705C97 /* Project object */;
}
